
Microsoft Visual Studio Solution File, Format Version 12.00
# Visual Studio Version 17
VisualStudioVersion = 17.8.34511.84
MinimumVisualStudioVersion = 10.0.40219.1
Project("{FAE04EC0-301F-11D3-BF4B-00C04F79EFBC}") = "Calculadora", "Calculadora\Calculadora.csproj", "{812D418E-FA4F-4AC3-A386-78BB2FC8B7E9}"
EndProject
Global
	GlobalSection(SolutionConfigurationPlatforms) = preSolution
		Debug|Any CPU = Debug|Any CPU
		Release|Any CPU = Release|Any CPU
	EndGlobalSection
	GlobalSection(ProjectConfigurationPlatforms) = postSolution
		{812D418E-FA4F-4AC3-A386-78BB2FC8B7E9}.Debug|Any CPU.ActiveCfg = Debug|Any CPU
		{812D418E-FA4F-4AC3-A386-78BB2FC8B7E9}.Debug|Any CPU.Build.0 = Debug|Any CPU
		{812D418E-FA4F-4AC3-A386-78BB2FC8B7E9}.Debug|Any CPU.Deploy.0 = Debug|Any CPU
		{812D418E-FA4F-4AC3-A386-78BB2FC8B7E9}.Release|Any CPU.ActiveCfg = Release|Any CPU
		{812D418E-FA4F-4AC3-A386-78BB2FC8B7E9}.Release|Any CPU.Build.0 = Release|Any CPU
		{812D418E-FA4F-4AC3-A386-78BB2FC8B7E9}.Release|Any CPU.Deploy.0 = Release|Any CPU
	EndGlobalSection
	GlobalSection(SolutionProperties) = preSolution
		HideSolutionNode = FALSE
	EndGlobalSection
	GlobalSection(ExtensibilityGlobals) = postSolution
		SolutionGuid = {D36CD1B8-E8CD-4596-92A6-FDF9935A1CEA}
	EndGlobalSection
EndGlobal
